// !$*UTF8*$!
{
	archiveVersion = 1;
	classes = {
	};
	objectVersion = 56;
	objects = {

/* Begin PBXBuildFile section */
		760A6B16299505960074186D /* AspectVGrid.swift in Sources */ = {isa = PBXBuildFile; fileRef = 760A6B15299505960074186D /* AspectVGrid.swift */; };
		760A6B1A29957F740074186D /* ToDoList in Resources */ = {isa = PBXBuildFile; fileRef = 760A6B1929957F740074186D /* ToDoList */; };
		760DA0EC298EBDCC00069C1D /* GameModel.swift in Sources */ = {isa = PBXBuildFile; fileRef = 760DA0EB298EBDCC00069C1D /* GameModel.swift */; };
		760DA0EE298EBFAF00069C1D /* GameViewModel.swift in Sources */ = {isa = PBXBuildFile; fileRef = 760DA0ED298EBFAF00069C1D /* GameViewModel.swift */; };
		760DA0F0298EC9C900069C1D /* SetGame.swift in Sources */ = {isa = PBXBuildFile; fileRef = 760DA0EF298EC9C900069C1D /* SetGame.swift */; };
		760DA0F32990352300069C1D /* CardView.swift in Sources */ = {isa = PBXBuildFile; fileRef = 760DA0F22990352300069C1D /* CardView.swift */; };
		760DA0F52990356600069C1D /* SquiggleShapeView.swift in Sources */ = {isa = PBXBuildFile; fileRef = 760DA0F42990356600069C1D /* SquiggleShapeView.swift */; };
		760DA0F72990358900069C1D /* DiamondView.swift in Sources */ = {isa = PBXBuildFile; fileRef = 760DA0F62990358900069C1D /* DiamondView.swift */; };
		760DA0F929903C7600069C1D /* OvalShapeView.swift in Sources */ = {isa = PBXBuildFile; fileRef = 760DA0F829903C7600069C1D /* OvalShapeView.swift */; };
		760DA9172996C1060075F74C /* StripedShadingView.swift in Sources */ = {isa = PBXBuildFile; fileRef = 760DA9162996C1060075F74C /* StripedShadingView.swift */; };
		76D76535298AEC2E001B6C2E /* SetGameApp.swift in Sources */ = {isa = PBXBuildFile; fileRef = 76D76534298AEC2E001B6C2E /* SetGameApp.swift */; };
		76D76537298AEC2E001B6C2E /* GameView.swift in Sources */ = {isa = PBXBuildFile; fileRef = 76D76536298AEC2E001B6C2E /* GameView.swift */; };
		76D76539298AEC2E001B6C2E /* Assets.xcassets in Resources */ = {isa = PBXBuildFile; fileRef = 76D76538298AEC2E001B6C2E /* Assets.xcassets */; };
		76D7653C298AEC2E001B6C2E /* Preview Assets.xcassets in Resources */ = {isa = PBXBuildFile; fileRef = 76D7653B298AEC2E001B6C2E /* Preview Assets.xcassets */; };
/* End PBXBuildFile section */

/* Begin PBXFileReference section */
		760A6B15299505960074186D /* AspectVGrid.swift */ = {isa = PBXFileReference; lastKnownFileType = sourcecode.swift; path = AspectVGrid.swift; sourceTree = "<group>"; };
		760A6B1929957F740074186D /* ToDoList */ = {isa = PBXFileReference; lastKnownFileType = text; path = ToDoList; sourceTree = "<group>"; };
		760DA0EB298EBDCC00069C1D /* GameModel.swift */ = {isa = PBXFileReference; lastKnownFileType = sourcecode.swift; path = GameModel.swift; sourceTree = "<group>"; };
		760DA0ED298EBFAF00069C1D /* GameViewModel.swift */ = {isa = PBXFileReference; lastKnownFileType = sourcecode.swift; path = GameViewModel.swift; sourceTree = "<group>"; };
		760DA0EF298EC9C900069C1D /* SetGame.swift */ = {isa = PBXFileReference; lastKnownFileType = sourcecode.swift; path = SetGame.swift; sourceTree = "<group>"; };
		760DA0F22990352300069C1D /* CardView.swift */ = {isa = PBXFileReference; lastKnownFileType = sourcecode.swift; path = CardView.swift; sourceTree = "<group>"; };
		760DA0F42990356600069C1D /* SquiggleShapeView.swift */ = {isa = PBXFileReference; lastKnownFileType = sourcecode.swift; path = SquiggleShapeView.swift; sourceTree = "<group>"; };
		760DA0F62990358900069C1D /* DiamondView.swift */ = {isa = PBXFileReference; lastKnownFileType = sourcecode.swift; path = DiamondView.swift; sourceTree = "<group>"; };
		760DA0F829903C7600069C1D /* OvalShapeView.swift */ = {isa = PBXFileReference; lastKnownFileType = sourcecode.swift; path = OvalShapeView.swift; sourceTree = "<group>"; };
		760DA9162996C1060075F74C /* StripedShadingView.swift */ = {isa = PBXFileReference; lastKnownFileType = sourcecode.swift; path = StripedShadingView.swift; sourceTree = "<group>"; };
		7646FBB029A6A5C80058F98F /* Info.plist */ = {isa = PBXFileReference; lastKnownFileType = text.plist; path = Info.plist; sourceTree = "<group>"; };
		76D76531298AEC2E001B6C2E /* SetGame.app */ = {isa = PBXFileReference; explicitFileType = wrapper.application; includeInIndex = 0; path = SetGame.app; sourceTree = BUILT_PRODUCTS_DIR; };
		76D76534298AEC2E001B6C2E /* SetGameApp.swift */ = {isa = PBXFileReference; lastKnownFileType = sourcecode.swift; path = SetGameApp.swift; sourceTree = "<group>"; };
		76D76536298AEC2E001B6C2E /* GameView.swift */ = {isa = PBXFileReference; lastKnownFileType = sourcecode.swift; path = GameView.swift; sourceTree = "<group>"; };
		76D76538298AEC2E001B6C2E /* Assets.xcassets */ = {isa = PBXFileReference; lastKnownFileType = folder.assetcatalog; path = Assets.xcassets; sourceTree = "<group>"; };
		76D7653B298AEC2E001B6C2E /* Preview Assets.xcassets */ = {isa = PBXFileReference; lastKnownFileType = folder.assetcatalog; path = "Preview Assets.xcassets"; sourceTree = "<group>"; };
/* End PBXFileReference section */

/* Begin PBXFrameworksBuildPhase section */
		76D7652E298AEC2E001B6C2E /* Frameworks */ = {
			isa = PBXFrameworksBuildPhase;
			buildActionMask = 2147483647;
			files = (
			);
			runOnlyForDeploymentPostprocessing = 0;
		};
/* End PBXFrameworksBuildPhase section */

/* Begin PBXGroup section */
		760DA0FA299160E900069C1D /* Shapes */ = {
			isa = PBXGroup;
			children = (
				760DA0F62990358900069C1D /* DiamondView.swift */,
				760DA0F829903C7600069C1D /* OvalShapeView.swift */,
				760DA0F42990356600069C1D /* SquiggleShapeView.swift */,
			);
			path = Shapes;
			sourceTree = "<group>";
		};
		760DA9182997AA2D0075F74C /* View */ = {
			isa = PBXGroup;
			children = (
				76D76536298AEC2E001B6C2E /* GameView.swift */,
				760DA0F22990352300069C1D /* CardView.swift */,
				760A6B15299505960074186D /* AspectVGrid.swift */,
				760DA9162996C1060075F74C /* StripedShadingView.swift */,
				760DA0FA299160E900069C1D /* Shapes */,
			);
			path = View;
			sourceTree = "<group>";
		};
		76D76528298AEC2E001B6C2E = {
			isa = PBXGroup;
			children = (
				76D76533298AEC2E001B6C2E /* SetGame */,
				76D76532298AEC2E001B6C2E /* Products */,
			);
			sourceTree = "<group>";
		};
		76D76532298AEC2E001B6C2E /* Products */ = {
			isa = PBXGroup;
			children = (
				76D76531298AEC2E001B6C2E /* SetGame.app */,
			);
			name = Products;
			sourceTree = "<group>";
		};
		76D76533298AEC2E001B6C2E /* SetGame */ = {
			isa = PBXGroup;
			children = (
				7646FBB029A6A5C80058F98F /* Info.plist */,
				76D76534298AEC2E001B6C2E /* SetGameApp.swift */,
				760DA9182997AA2D0075F74C /* View */,
				760DA0ED298EBFAF00069C1D /* GameViewModel.swift */,
				760DA0EB298EBDCC00069C1D /* GameModel.swift */,
				760DA0EF298EC9C900069C1D /* SetGame.swift */,
				760A6B1929957F740074186D /* ToDoList */,
				76D76538298AEC2E001B6C2E /* Assets.xcassets */,
				76D7653A298AEC2E001B6C2E /* Preview Content */,
			);
			path = SetGame;
			sourceTree = "<group>";
		};
		76D7653A298AEC2E001B6C2E /* Preview Content */ = {
			isa = PBXGroup;
			children = (
				76D7653B298AEC2E001B6C2E /* Preview Assets.xcassets */,
			);
			path = "Preview Content";
			sourceTree = "<group>";
		};
/* End PBXGroup section */

/* Begin PBXNativeTarget section */
		76D76530298AEC2E001B6C2E /* SetGame */ = {
			isa = PBXNativeTarget;
			buildConfigurationList = 76D7653F298AEC2E001B6C2E /* Build configuration list for PBXNativeTarget "SetGame" */;
			buildPhases = (
				76D7652D298AEC2E001B6C2E /* Sources */,
				76D7652E298AEC2E001B6C2E /* Frameworks */,
				76D7652F298AEC2E001B6C2E /* Resources */,
			);
			buildRules = (
			);
			dependencies = (
			);
			name = SetGame;
			productName = SetGame;
			productReference = 76D76531298AEC2E001B6C2E /* SetGame.app */;
			productType = "com.apple.product-type.application";
		};
/* End PBXNativeTarget section */

/* Begin PBXProject section */
		76D76529298AEC2E001B6C2E /* Project object */ = {
			isa = PBXProject;
			attributes = {
				BuildIndependentTargetsInParallel = 1;
				LastSwiftUpdateCheck = 1420;
				LastUpgradeCheck = 1420;
				TargetAttributes = {
					76D76530298AEC2E001B6C2E = {
						CreatedOnToolsVersion = 14.2;
					};
				};
			};
			buildConfigurationList = 76D7652C298AEC2E001B6C2E /* Build configuration list for PBXProject "SetGame" */;
			compatibilityVersion = "Xcode 14.0";
			developmentRegion = en;
			hasScannedForEncodings = 0;
			knownRegions = (
				en,
				Base,
			);
			mainGroup = 76D76528298AEC2E001B6C2E;
			productRefGroup = 76D76532298AEC2E001B6C2E /* Products */;
			projectDirPath = "";
			projectRoot = "";
			targets = (
				76D76530298AEC2E001B6C2E /* SetGame */,
			);
		};
/* End PBXProject section */

/* Begin PBXResourcesBuildPhase section */
		76D7652F298AEC2E001B6C2E /* Resources */ = {
			isa = PBXResourcesBuildPhase;
			buildActionMask = 2147483647;
			files = (
				76D7653C298AEC2E001B6C2E /* Preview Assets.xcassets in Resources */,
				76D76539298AEC2E001B6C2E /* Assets.xcassets in Resources */,
				760A6B1A29957F740074186D /* ToDoList in Resources */,
			);
			runOnlyForDeploymentPostprocessing = 0;
		};
/* End PBXResourcesBuildPhase section */

/* Begin PBXSourcesBuildPhase section */
		76D7652D298AEC2E001B6C2E /* Sources */ = {
			isa = PBXSourcesBuildPhase;
			buildActionMask = 2147483647;
			files = (
				76D76537298AEC2E001B6C2E /* GameView.swift in Sources */,
				760DA0F0298EC9C900069C1D /* SetGame.swift in Sources */,
				760DA0F929903C7600069C1D /* OvalShapeView.swift in Sources */,
				76D76535298AEC2E001B6C2E /* SetGameApp.swift in Sources */,
				760DA9172996C1060075F74C /* StripedShadingView.swift in Sources */,
				760DA0F72990358900069C1D /* DiamondView.swift in Sources */,
				760DA0F52990356600069C1D /* SquiggleShapeView.swift in Sources */,
				760DA0EC298EBDCC00069C1D /* GameModel.swift in Sources */,
				760DA0F32990352300069C1D /* CardView.swift in Sources */,
				760A6B16299505960074186D /* AspectVGrid.swift in Sources */,
				760DA0EE298EBFAF00069C1D /* GameViewModel.swift in Sources */,
			);
			runOnlyForDeploymentPostprocessing = 0;
		};
/* End PBXSourcesBuildPhase section */

/* Begin XCBuildConfiguration section */
		76D7653D298AEC2E001B6C2E /* Debug */ = {
			isa = XCBuildConfiguration;
			buildSettings = {
				ALWAYS_SEARCH_USER_PATHS = NO;
				CLANG_ANALYZER_NONNULL = YES;
				CLANG_ANALYZER_NUMBER_OBJECT_CONVERSION = YES_AGGRESSIVE;
				CLANG_CXX_LANGUAGE_STANDARD = "gnu++20";
				CLANG_ENABLE_MODULES = YES;
				CLANG_ENABLE_OBJC_ARC = YES;
				CLANG_ENABLE_OBJC_WEAK = YES;
				CLANG_WARN_BLOCK_CAPTURE_AUTORELEASING = YES;
				CLANG_WARN_BOOL_CONVERSION = YES;
				CLANG_WARN_COMMA = YES;
				CLANG_WARN_CONSTANT_CONVERSION = YES;
				CLANG_WARN_DEPRECATED_OBJC_IMPLEMENTATIONS = YES;
				CLANG_WARN_DIRECT_OBJC_ISA_USAGE = YES_ERROR;
				CLANG_WARN_DOCUMENTATION_COMMENTS = YES;
				CLANG_WARN_EMPTY_BODY = YES;
				CLANG_WARN_ENUM_CONVERSION = YES;
				CLANG_WARN_INFINITE_RECURSION = YES;
				CLANG_WARN_INT_CONVERSION = YES;
				CLANG_WARN_NON_LITERAL_NULL_CONVERSION = YES;
				CLANG_WARN_OBJC_IMPLICIT_RETAIN_SELF = YES;
				CLANG_WARN_OBJC_LITERAL_CONVERSION = YES;
				CLANG_WARN_OBJC_ROOT_CLASS = YES_ERROR;
				CLANG_WARN_QUOTED_INCLUDE_IN_FRAMEWORK_HEADER = YES;
				CLANG_WARN_RANGE_LOOP_ANALYSIS = YES;
				CLANG_WARN_STRICT_PROTOTYPES = YES;
				CLANG_WARN_SUSPICIOUS_MOVE = YES;
				CLANG_WARN_UNGUARDED_AVAILABILITY = YES_AGGRESSIVE;
				CLANG_WARN_UNREACHABLE_CODE = YES;
				CLANG_WARN__DUPLICATE_METHOD_MATCH = YES;
				COPY_PHASE_STRIP = NO;
				DEBUG_INFORMATION_FORMAT = dwarf;
				ENABLE_STRICT_OBJC_MSGSEND = YES;
				ENABLE_TESTABILITY = YES;
				GCC_C_LANGUAGE_STANDARD = gnu11;
				GCC_DYNAMIC_NO_PIC = NO;
				GCC_NO_COMMON_BLOCKS = YES;
				GCC_OPTIMIZATION_LEVEL = 0;
				GCC_PREPROCESSOR_DEFINITIONS = (
					"DEBUG=1",
					"$(inherited)",
				);
				GCC_WARN_64_TO_32_BIT_CONVERSION = YES;
				GCC_WARN_ABOUT_RETURN_TYPE = YES_ERROR;
				GCC_WARN_UNDECLARED_SELECTOR = YES;
				GCC_WARN_UNINITIALIZED_AUTOS = YES_AGGRESSIVE;
				GCC_WARN_UNUSED_FUNCTION = YES;
				GCC_WARN_UNUSED_VARIABLE = YES;
				IPHONEOS_DEPLOYMENT_TARGET = 16.2;
				MTL_ENABLE_DEBUG_INFO = INCLUDE_SOURCE;
				MTL_FAST_MATH = YES;
				ONLY_ACTIVE_ARCH = YES;
				SDKROOT = iphoneos;
				SWIFT_ACTIVE_COMPILATION_CONDITIONS = DEBUG;
				SWIFT_OPTIMIZATION_LEVEL = "-Onone";
			};
			name = Debug;
		};
		76D7653E298AEC2E001B6C2E /* Release */ = {
			isa = XCBuildConfiguration;
			buildSettings = {
				ALWAYS_SEARCH_USER_PATHS = NO;
				CLANG_ANALYZER_NONNULL = YES;
				CLANG_ANALYZER_NUMBER_OBJECT_CONVERSION = YES_AGGRESSIVE;
				CLANG_CXX_LANGUAGE_STANDARD = "gnu++20";
				CLANG_ENABLE_MODULES = YES;
				CLANG_ENABLE_OBJC_ARC = YES;
				CLANG_ENABLE_OBJC_WEAK = YES;
				CLANG_WARN_BLOCK_CAPTURE_AUTORELEASING = YES;
				CLANG_WARN_BOOL_CONVERSION = YES;
				CLANG_WARN_COMMA = YES;
				CLANG_WARN_CONSTANT_CONVERSION = YES;
				CLANG_WARN_DEPRECATED_OBJC_IMPLEMENTATIONS = YES;
				CLANG_WARN_DIRECT_OBJC_ISA_USAGE = YES_ERROR;
				CLANG_WARN_DOCUMENTATION_COMMENTS = YES;
				CLANG_WARN_EMPTY_BODY = YES;
				CLANG_WARN_ENUM_CONVERSION = YES;
				CLANG_WARN_INFINITE_RECURSION = YES;
				CLANG_WARN_INT_CONVERSION = YES;
				CLANG_WARN_NON_LITERAL_NULL_CONVERSION = YES;
				CLANG_WARN_OBJC_IMPLICIT_RETAIN_SELF = YES;
				CLANG_WARN_OBJC_LITERAL_CONVERSION = YES;
				CLANG_WARN_OBJC_ROOT_CLASS = YES_ERROR;
				CLANG_WARN_QUOTED_INCLUDE_IN_FRAMEWORK_HEADER = YES;
				CLANG_WARN_RANGE_LOOP_ANALYSIS = YES;
				CLANG_WARN_STRICT_PROTOTYPES = YES;
				CLANG_WARN_SUSPICIOUS_MOVE = YES;
				CLANG_WARN_UNGUARDED_AVAILABILITY = YES_AGGRESSIVE;
				CLANG_WARN_UNREACHABLE_CODE = YES;
				CLANG_WARN__DUPLICATE_METHOD_MATCH = YES;
				COPY_PHASE_STRIP = NO;
				DEBUG_INFORMATION_FORMAT = "dwarf-with-dsym";
				ENABLE_NS_ASSERTIONS = NO;
				ENABLE_STRICT_OBJC_MSGSEND = YES;
				GCC_C_LANGUAGE_STANDARD = gnu11;
				GCC_NO_COMMON_BLOCKS = YES;
				GCC_WARN_64_TO_32_BIT_CONVERSION = YES;
				GCC_WARN_ABOUT_RETURN_TYPE = YES_ERROR;
				GCC_WARN_UNDECLARED_SELECTOR = YES;
				GCC_WARN_UNINITIALIZED_AUTOS = YES_AGGRESSIVE;
				GCC_WARN_UNUSED_FUNCTION = YES;
				GCC_WARN_UNUSED_VARIABLE = YES;
				IPHONEOS_DEPLOYMENT_TARGET = 16.2;
				MTL_ENABLE_DEBUG_INFO = NO;
				MTL_FAST_MATH = YES;
				SDKROOT = iphoneos;
				SWIFT_COMPILATION_MODE = wholemodule;
				SWIFT_OPTIMIZATION_LEVEL = "-O";
				VALIDATE_PRODUCT = YES;
			};
			name = Release;
		};
		76D76540298AEC2E001B6C2E /* Debug */ = {
			isa = XCBuildConfiguration;
			buildSettings = {
				ASSETCATALOG_COMPILER_APPICON_NAME = AppIcon;
				ASSETCATALOG_COMPILER_GLOBAL_ACCENT_COLOR_NAME = AccentColor;
				CODE_SIGN_STYLE = Automatic;
				CURRENT_PROJECT_VERSION = 1;
				DEVELOPMENT_ASSET_PATHS = "\"SetGame/Preview Content\"";
				DEVELOPMENT_TEAM = C27NM5L469;
				ENABLE_PREVIEWS = YES;
				GENERATE_INFOPLIST_FILE = YES;
				INFOPLIST_FILE = SetGame/Info.plist;
				INFOPLIST_KEY_UIApplicationSupportsIndirectInputEvents = YES;
				INFOPLIST_KEY_UILaunchScreen_Generation = YES;
				INFOPLIST_KEY_UISupportedInterfaceOrientations_iPad = "UIInterfaceOrientationPortrait UIInterfaceOrientationPortraitUpsideDown UIInterfaceOrientationLandscapeLeft UIInterfaceOrientationLandscapeRight";
				INFOPLIST_KEY_UISupportedInterfaceOrientations_iPhone = "UIInterfaceOrientationPortrait UIInterfaceOrientationLandscapeLeft UIInterfaceOrientationLandscapeRight";
				LD_RUNPATH_SEARCH_PATHS = (
					"$(inherited)",
					"@executable_path/Frameworks",
				);
				MARKETING_VERSION = 1.0;
				PRODUCT_BUNDLE_IDENTIFIER = kavretsky.SetGame;
				PRODUCT_NAME = "$(TARGET_NAME)";
				SWIFT_EMIT_LOC_STRINGS = YES;
				SWIFT_VERSION = 5.0;
				TARGETED_DEVICE_FAMILY = "1,2";
			};
			name = Debug;
		};
		76D76541298AEC2E001B6C2E /* Release */ = {
			isa = XCBuildConfiguration;
			buildSettings = {
				ASSETCATALOG_COMPILER_APPICON_NAME = AppIcon;
				ASSETCATALOG_COMPILER_GLOBAL_ACCENT_COLOR_NAME = AccentColor;
				CODE_SIGN_STYLE = Automatic;
				CURRENT_PROJECT_VERSION = 1;
				DEVELOPMENT_ASSET_PATHS = "\"SetGame/Preview Content\"";
				DEVELOPMENT_TEAM = C27NM5L469;
				ENABLE_PREVIEWS = YES;
				GENERATE_INFOPLIST_FILE = YES;
				INFOPLIST_FILE = SetGame/Info.plist;
				INFOPLIST_KEY_UIApplicationSupportsIndirectInputEvents = YES;
				INFOPLIST_KEY_UILaunchScreen_Generation = YES;
				INFOPLIST_KEY_UISupportedInterfaceOrientations_iPad = "UIInterfaceOrientationPortrait UIInterfaceOrientationPortraitUpsideDown UIInterfaceOrientationLandscapeLeft UIInterfaceOrientationLandscapeRight";
				INFOPLIST_KEY_UISupportedInterfaceOrientations_iPhone = "UIInterfaceOrientationPortrait UIInterfaceOrientationLandscapeLeft UIInterfaceOrientationLandscapeRight";
				LD_RUNPATH_SEARCH_PATHS = (
					"$(inherited)",
					"@executable_path/Frameworks",
				);
				MARKETING_VERSION = 1.0;
				PRODUCT_BUNDLE_IDENTIFIER = kavretsky.SetGame;
				PRODUCT_NAME = "$(TARGET_NAME)";
				SWIFT_EMIT_LOC_STRINGS = YES;
				SWIFT_VERSION = 5.0;
				TARGETED_DEVICE_FAMILY = "1,2";
			};
			name = Release;
		};
/* End XCBuildConfiguration section */

/* Begin XCConfigurationList section */
		76D7652C298AEC2E001B6C2E /* Build configuration list for PBXProject "SetGame" */ = {
			isa = XCConfigurationList;
			buildConfigurations = (
				76D7653D298AEC2E001B6C2E /* Debug */,
				76D7653E298AEC2E001B6C2E /* Release */,
			);
			defaultConfigurationIsVisible = 0;
			defaultConfigurationName = Release;
		};
		76D7653F298AEC2E001B6C2E /* Build configuration list for PBXNativeTarget "SetGame" */ = {
			isa = XCConfigurationList;
			buildConfigurations = (
				76D76540298AEC2E001B6C2E /* Debug */,
				76D76541298AEC2E001B6C2E /* Release */,
			);
			defaultConfigurationIsVisible = 0;
			defaultConfigurationName = Release;
		};
/* End XCConfigurationList section */
	};
	rootObject = 76D76529298AEC2E001B6C2E /* Project object */;
}
